// !$*UTF8*$!
{
	archiveVersion = 1;
	classes = {
	};
	objectVersion = 52;
	objects = {

/* Begin PBXBuildFile section */
		7F6A8CCC24FE1AAE00FFA7F0 /* AppDelegate.swift in Sources */ = {isa = PBXBuildFile; fileRef = 7F6A8CCB24FE1AAE00FFA7F0 /* AppDelegate.swift */; };
		7F6A8CCE24FE1AAE00FFA7F0 /* SceneDelegate.swift in Sources */ = {isa = PBXBuildFile; fileRef = 7F6A8CCD24FE1AAE00FFA7F0 /* SceneDelegate.swift */; };
		7F6A8CD024FE1AAE00FFA7F0 /* ViewController.swift in Sources */ = {isa = PBXBuildFile; fileRef = 7F6A8CCF24FE1AAE00FFA7F0 /* ViewController.swift */; };
		7F6A8CD324FE1AAE00FFA7F0 /* Main.storyboard in Resources */ = {isa = PBXBuildFile; fileRef = 7F6A8CD124FE1AAE00FFA7F0 /* Main.storyboard */; };
		7F6A8CD524FE1AB000FFA7F0 /* Assets.xcassets in Resources */ = {isa = PBXBuildFile; fileRef = 7F6A8CD424FE1AB000FFA7F0 /* Assets.xcassets */; };
		7F6A8CD824FE1AB000FFA7F0 /* LaunchScreen.storyboard in Resources */ = {isa = PBXBuildFile; fileRef = 7F6A8CD624FE1AB000FFA7F0 /* LaunchScreen.storyboard */; };
		7F6A8CE324FE1AB000FFA7F0 /* SPMSampleTests.swift in Sources */ = {isa = PBXBuildFile; fileRef = 7F6A8CE224FE1AB000FFA7F0 /* SPMSampleTests.swift */; };
		7F6A8CEE24FE1AB000FFA7F0 /* SPMSampleUITests.swift in Sources */ = {isa = PBXBuildFile; fileRef = 7F6A8CED24FE1AB000FFA7F0 /* SPMSampleUITests.swift */; };
		7F6A8D0124FE277F00FFA7F0 /* Core in Frameworks */ = {isa = PBXBuildFile; productRef = 7F6A8D0024FE277F00FFA7F0 /* Core */; };
/* End PBXBuildFile section */

/* Begin PBXContainerItemProxy section */
		7F6A8CDF24FE1AB000FFA7F0 /* PBXContainerItemProxy */ = {
			isa = PBXContainerItemProxy;
			containerPortal = 7F6A8CC024FE1AAE00FFA7F0 /* Project object */;
			proxyType = 1;
			remoteGlobalIDString = 7F6A8CC724FE1AAE00FFA7F0;
			remoteInfo = SPMSample;
		};
		7F6A8CEA24FE1AB000FFA7F0 /* PBXContainerItemProxy */ = {
			isa = PBXContainerItemProxy;
			containerPortal = 7F6A8CC024FE1AAE00FFA7F0 /* Project object */;
			proxyType = 1;
			remoteGlobalIDString = 7F6A8CC724FE1AAE00FFA7F0;
			remoteInfo = SPMSample;
		};
/* End PBXContainerItemProxy section */

/* Begin PBXFileReference section */
		7F6A8CC824FE1AAE00FFA7F0 /* SPMSample.app */ = {isa = PBXFileReference; explicitFileType = wrapper.application; includeInIndex = 0; path = SPMSample.app; sourceTree = BUILT_PRODUCTS_DIR; };
		7F6A8CCB24FE1AAE00FFA7F0 /* AppDelegate.swift */ = {isa = PBXFileReference; lastKnownFileType = sourcecode.swift; path = AppDelegate.swift; sourceTree = "<group>"; };
		7F6A8CCD24FE1AAE00FFA7F0 /* SceneDelegate.swift */ = {isa = PBXFileReference; lastKnownFileType = sourcecode.swift; path = SceneDelegate.swift; sourceTree = "<group>"; };
		7F6A8CCF24FE1AAE00FFA7F0 /* ViewController.swift */ = {isa = PBXFileReference; lastKnownFileType = sourcecode.swift; path = ViewController.swift; sourceTree = "<group>"; };
		7F6A8CD224FE1AAE00FFA7F0 /* Base */ = {isa = PBXFileReference; lastKnownFileType = file.storyboard; name = Base; path = Base.lproj/Main.storyboard; sourceTree = "<group>"; };
		7F6A8CD424FE1AB000FFA7F0 /* Assets.xcassets */ = {isa = PBXFileReference; lastKnownFileType = folder.assetcatalog; path = Assets.xcassets; sourceTree = "<group>"; };
		7F6A8CD724FE1AB000FFA7F0 /* Base */ = {isa = PBXFileReference; lastKnownFileType = file.storyboard; name = Base; path = Base.lproj/LaunchScreen.storyboard; sourceTree = "<group>"; };
		7F6A8CD924FE1AB000FFA7F0 /* Info.plist */ = {isa = PBXFileReference; lastKnownFileType = text.plist.xml; path = Info.plist; sourceTree = "<group>"; };
		7F6A8CDE24FE1AB000FFA7F0 /* Tests.xctest */ = {isa = PBXFileReference; explicitFileType = wrapper.cfbundle; includeInIndex = 0; path = Tests.xctest; sourceTree = BUILT_PRODUCTS_DIR; };
		7F6A8CE224FE1AB000FFA7F0 /* SPMSampleTests.swift */ = {isa = PBXFileReference; lastKnownFileType = sourcecode.swift; path = SPMSampleTests.swift; sourceTree = "<group>"; };
		7F6A8CE424FE1AB000FFA7F0 /* Info.plist */ = {isa = PBXFileReference; lastKnownFileType = text.plist.xml; path = Info.plist; sourceTree = "<group>"; };
		7F6A8CE924FE1AB000FFA7F0 /* UITests.xctest */ = {isa = PBXFileReference; explicitFileType = wrapper.cfbundle; includeInIndex = 0; path = UITests.xctest; sourceTree = BUILT_PRODUCTS_DIR; };
		7F6A8CED24FE1AB000FFA7F0 /* SPMSampleUITests.swift */ = {isa = PBXFileReference; lastKnownFileType = sourcecode.swift; path = SPMSampleUITests.swift; sourceTree = "<group>"; };
		7F6A8CEF24FE1AB000FFA7F0 /* Info.plist */ = {isa = PBXFileReference; lastKnownFileType = text.plist.xml; path = Info.plist; sourceTree = "<group>"; };
		7F6A8CFB24FE1BE100FFA7F0 /* Core */ = {isa = PBXFileReference; lastKnownFileType = folder; path = Core; sourceTree = "<group>"; };
		7F6A8CFC24FE1CFA00FFA7F0 /* Common */ = {isa = PBXFileReference; lastKnownFileType = folder; path = Common; sourceTree = "<group>"; };
/* End PBXFileReference section */

/* Begin PBXFrameworksBuildPhase section */
		7F6A8CC524FE1AAE00FFA7F0 /* Frameworks */ = {
			isa = PBXFrameworksBuildPhase;
			buildActionMask = 2147483647;
			files = (
				7F6A8D0124FE277F00FFA7F0 /* Core in Frameworks */,
			);
			runOnlyForDeploymentPostprocessing = 0;
		};
		7F6A8CDB24FE1AB000FFA7F0 /* Frameworks */ = {
			isa = PBXFrameworksBuildPhase;
			buildActionMask = 2147483647;
			files = (
			);
			runOnlyForDeploymentPostprocessing = 0;
		};
		7F6A8CE624FE1AB000FFA7F0 /* Frameworks */ = {
			isa = PBXFrameworksBuildPhase;
			buildActionMask = 2147483647;
			files = (
			);
			runOnlyForDeploymentPostprocessing = 0;
		};
/* End PBXFrameworksBuildPhase section */

/* Begin PBXGroup section */
		7F6A8CBF24FE1AAE00FFA7F0 = {
			isa = PBXGroup;
			children = (
				7F6A8D0224FE295300FFA7F0 /* Dependencies */,
				7F6A8CCA24FE1AAE00FFA7F0 /* App */,
				7F6A8CE124FE1AB000FFA7F0 /* Tests */,
				7F6A8CEC24FE1AB000FFA7F0 /* UITests */,
				7F6A8CC924FE1AAE00FFA7F0 /* Products */,
				7F6A8CFD24FE227500FFA7F0 /* Frameworks */,
			);
			sourceTree = "<group>";
		};
		7F6A8CC924FE1AAE00FFA7F0 /* Products */ = {
			isa = PBXGroup;
			children = (
				7F6A8CC824FE1AAE00FFA7F0 /* SPMSample.app */,
				7F6A8CDE24FE1AB000FFA7F0 /* Tests.xctest */,
				7F6A8CE924FE1AB000FFA7F0 /* UITests.xctest */,
			);
			name = Products;
			sourceTree = "<group>";
		};
		7F6A8CCA24FE1AAE00FFA7F0 /* App */ = {
			isa = PBXGroup;
			children = (
				7F6A8CCB24FE1AAE00FFA7F0 /* AppDelegate.swift */,
				7F6A8CCD24FE1AAE00FFA7F0 /* SceneDelegate.swift */,
				7F6A8CCF24FE1AAE00FFA7F0 /* ViewController.swift */,
				7F6A8CD124FE1AAE00FFA7F0 /* Main.storyboard */,
				7F6A8CD424FE1AB000FFA7F0 /* Assets.xcassets */,
				7F6A8CD624FE1AB000FFA7F0 /* LaunchScreen.storyboard */,
				7F6A8CD924FE1AB000FFA7F0 /* Info.plist */,
			);
			path = App;
			sourceTree = "<group>";
		};
		7F6A8CE124FE1AB000FFA7F0 /* Tests */ = {
			isa = PBXGroup;
			children = (
				7F6A8CE224FE1AB000FFA7F0 /* SPMSampleTests.swift */,
				7F6A8CE424FE1AB000FFA7F0 /* Info.plist */,
			);
			path = Tests;
			sourceTree = "<group>";
		};
		7F6A8CEC24FE1AB000FFA7F0 /* UITests */ = {
			isa = PBXGroup;
			children = (
				7F6A8CED24FE1AB000FFA7F0 /* SPMSampleUITests.swift */,
				7F6A8CEF24FE1AB000FFA7F0 /* Info.plist */,
			);
			path = UITests;
			sourceTree = "<group>";
		};
		7F6A8CFD24FE227500FFA7F0 /* Frameworks */ = {
			isa = PBXGroup;
			children = (
			);
			name = Frameworks;
			sourceTree = "<group>";
		};
		7F6A8D0224FE295300FFA7F0 /* Dependencies */ = {
			isa = PBXGroup;
			children = (
				7F6A8CFC24FE1CFA00FFA7F0 /* Common */,
				7F6A8CFB24FE1BE100FFA7F0 /* Core */,
			);
			path = Dependencies;
			sourceTree = "<group>";
		};
/* End PBXGroup section */

/* Begin PBXNativeTarget section */
		7F6A8CC724FE1AAE00FFA7F0 /* SPMSample */ = {
			isa = PBXNativeTarget;
			buildConfigurationList = 7F6A8CF224FE1AB000FFA7F0 /* Build configuration list for PBXNativeTarget "SPMSample" */;
			buildPhases = (
				7F6A8CC424FE1AAE00FFA7F0 /* Sources */,
				7F6A8CC524FE1AAE00FFA7F0 /* Frameworks */,
				7F6A8CC624FE1AAE00FFA7F0 /* Resources */,
			);
			buildRules = (
			);
			dependencies = (
			);
			name = SPMSample;
			packageProductDependencies = (
				7F6A8D0024FE277F00FFA7F0 /* Core */,
			);
			productName = SPMSample;
			productReference = 7F6A8CC824FE1AAE00FFA7F0 /* SPMSample.app */;
			productType = "com.apple.product-type.application";
		};
		7F6A8CDD24FE1AB000FFA7F0 /* Tests */ = {
			isa = PBXNativeTarget;
			buildConfigurationList = 7F6A8CF524FE1AB000FFA7F0 /* Build configuration list for PBXNativeTarget "Tests" */;
			buildPhases = (
				7F6A8CDA24FE1AB000FFA7F0 /* Sources */,
				7F6A8CDB24FE1AB000FFA7F0 /* Frameworks */,
				7F6A8CDC24FE1AB000FFA7F0 /* Resources */,
			);
			buildRules = (
			);
			dependencies = (
				7F6A8CE024FE1AB000FFA7F0 /* PBXTargetDependency */,
			);
			name = Tests;
			productName = SPMSampleTests;
			productReference = 7F6A8CDE24FE1AB000FFA7F0 /* Tests.xctest */;
			productType = "com.apple.product-type.bundle.unit-test";
		};
		7F6A8CE824FE1AB000FFA7F0 /* UITests */ = {
			isa = PBXNativeTarget;
			buildConfigurationList = 7F6A8CF824FE1AB000FFA7F0 /* Build configuration list for PBXNativeTarget "UITests" */;
			buildPhases = (
				7F6A8CE524FE1AB000FFA7F0 /* Sources */,
				7F6A8CE624FE1AB000FFA7F0 /* Frameworks */,
				7F6A8CE724FE1AB000FFA7F0 /* Resources */,
			);
			buildRules = (
			);
			dependencies = (
				7F6A8CEB24FE1AB000FFA7F0 /* PBXTargetDependency */,
			);
			name = UITests;
			productName = SPMSampleUITests;
			productReference = 7F6A8CE924FE1AB000FFA7F0 /* UITests.xctest */;
			productType = "com.apple.product-type.bundle.ui-testing";
		};
/* End PBXNativeTarget section */

/* Begin PBXProject section */
		7F6A8CC024FE1AAE00FFA7F0 /* Project object */ = {
			isa = PBXProject;
			attributes = {
				LastSwiftUpdateCheck = 1160;
				LastUpgradeCheck = 1160;
				ORGANIZATIONNAME = "An Tran";
				TargetAttributes = {
					7F6A8CC724FE1AAE00FFA7F0 = {
						CreatedOnToolsVersion = 11.6;
					};
					7F6A8CDD24FE1AB000FFA7F0 = {
						CreatedOnToolsVersion = 11.6;
						TestTargetID = 7F6A8CC724FE1AAE00FFA7F0;
					};
					7F6A8CE824FE1AB000FFA7F0 = {
						CreatedOnToolsVersion = 11.6;
						TestTargetID = 7F6A8CC724FE1AAE00FFA7F0;
					};
				};
			};
			buildConfigurationList = 7F6A8CC324FE1AAE00FFA7F0 /* Build configuration list for PBXProject "SPMSample" */;
			compatibilityVersion = "Xcode 9.3";
			developmentRegion = en;
			hasScannedForEncodings = 0;
			knownRegions = (
				en,
				Base,
			);
			mainGroup = 7F6A8CBF24FE1AAE00FFA7F0;
			productRefGroup = 7F6A8CC924FE1AAE00FFA7F0 /* Products */;
			projectDirPath = "";
			projectRoot = "";
			targets = (
				7F6A8CC724FE1AAE00FFA7F0 /* SPMSample */,
				7F6A8CDD24FE1AB000FFA7F0 /* Tests */,
				7F6A8CE824FE1AB000FFA7F0 /* UITests */,
			);
		};
/* End PBXProject section */

/* Begin PBXResourcesBuildPhase section */
		7F6A8CC624FE1AAE00FFA7F0 /* Resources */ = {
			isa = PBXResourcesBuildPhase;
			buildActionMask = 2147483647;
			files = (
				7F6A8CD824FE1AB000FFA7F0 /* LaunchScreen.storyboard in Resources */,
				7F6A8CD524FE1AB000FFA7F0 /* Assets.xcassets in Resources */,
				7F6A8CD324FE1AAE00FFA7F0 /* Main.storyboard in Resources */,
			);
			runOnlyForDeploymentPostprocessing = 0;
		};
		7F6A8CDC24FE1AB000FFA7F0 /* Resources */ = {
			isa = PBXResourcesBuildPhase;
			buildActionMask = 2147483647;
			files = (
			);
			runOnlyForDeploymentPostprocessing = 0;
		};
		7F6A8CE724FE1AB000FFA7F0 /* Resources */ = {
			isa = PBXResourcesBuildPhase;
			buildActionMask = 2147483647;
			files = (
			);
			runOnlyForDeploymentPostprocessing = 0;
		};
/* End PBXResourcesBuildPhase section */

/* Begin PBXSourcesBuildPhase section */
		7F6A8CC424FE1AAE00FFA7F0 /* Sources */ = {
			isa = PBXSourcesBuildPhase;
			buildActionMask = 2147483647;
			files = (
				7F6A8CD024FE1AAE00FFA7F0 /* ViewController.swift in Sources */,
				7F6A8CCC24FE1AAE00FFA7F0 /* AppDelegate.swift in Sources */,
				7F6A8CCE24FE1AAE00FFA7F0 /* SceneDelegate.swift in Sources */,
			);
			runOnlyForDeploymentPostprocessing = 0;
		};
		7F6A8CDA24FE1AB000FFA7F0 /* Sources */ = {
			isa = PBXSourcesBuildPhase;
			buildActionMask = 2147483647;
			files = (
				7F6A8CE324FE1AB000FFA7F0 /* SPMSampleTests.swift in Sources */,
			);
			runOnlyForDeploymentPostprocessing = 0;
		};
		7F6A8CE524FE1AB000FFA7F0 /* Sources */ = {
			isa = PBXSourcesBuildPhase;
			buildActionMask = 2147483647;
			files = (
				7F6A8CEE24FE1AB000FFA7F0 /* SPMSampleUITests.swift in Sources */,
			);
			runOnlyForDeploymentPostprocessing = 0;
		};
/* End PBXSourcesBuildPhase section */

/* Begin PBXTargetDependency section */
		7F6A8CE024FE1AB000FFA7F0 /* PBXTargetDependency */ = {
			isa = PBXTargetDependency;
			target = 7F6A8CC724FE1AAE00FFA7F0 /* SPMSample */;
			targetProxy = 7F6A8CDF24FE1AB000FFA7F0 /* PBXContainerItemProxy */;
		};
		7F6A8CEB24FE1AB000FFA7F0 /* PBXTargetDependency */ = {
			isa = PBXTargetDependency;
			target = 7F6A8CC724FE1AAE00FFA7F0 /* SPMSample */;
			targetProxy = 7F6A8CEA24FE1AB000FFA7F0 /* PBXContainerItemProxy */;
		};
/* End PBXTargetDependency section */

/* Begin PBXVariantGroup section */
		7F6A8CD124FE1AAE00FFA7F0 /* Main.storyboard */ = {
			isa = PBXVariantGroup;
			children = (
				7F6A8CD224FE1AAE00FFA7F0 /* Base */,
			);
			name = Main.storyboard;
			sourceTree = "<group>";
		};
		7F6A8CD624FE1AB000FFA7F0 /* LaunchScreen.storyboard */ = {
			isa = PBXVariantGroup;
			children = (
				7F6A8CD724FE1AB000FFA7F0 /* Base */,
			);
			name = LaunchScreen.storyboard;
			sourceTree = "<group>";
		};
/* End PBXVariantGroup section */

/* Begin XCBuildConfiguration section */
		7F6A8CF024FE1AB000FFA7F0 /* Debug */ = {
			isa = XCBuildConfiguration;
			buildSettings = {
				ALWAYS_SEARCH_USER_PATHS = NO;
				CLANG_ANALYZER_NONNULL = YES;
				CLANG_ANALYZER_NUMBER_OBJECT_CONVERSION = YES_AGGRESSIVE;
				CLANG_CXX_LANGUAGE_STANDARD = "gnu++14";
				CLANG_CXX_LIBRARY = "libc++";
				CLANG_ENABLE_MODULES = YES;
				CLANG_ENABLE_OBJC_ARC = YES;
				CLANG_ENABLE_OBJC_WEAK = YES;
				CLANG_WARN_BLOCK_CAPTURE_AUTORELEASING = YES;
				CLANG_WARN_BOOL_CONVERSION = YES;
				CLANG_WARN_COMMA = YES;
				CLANG_WARN_CONSTANT_CONVERSION = YES;
				CLANG_WARN_DEPRECATED_OBJC_IMPLEMENTATIONS = YES;
				CLANG_WARN_DIRECT_OBJC_ISA_USAGE = YES_ERROR;
				CLANG_WARN_DOCUMENTATION_COMMENTS = YES;
				CLANG_WARN_EMPTY_BODY = YES;
				CLANG_WARN_ENUM_CONVERSION = YES;
				CLANG_WARN_INFINITE_RECURSION = YES;
				CLANG_WARN_INT_CONVERSION = YES;
				CLANG_WARN_NON_LITERAL_NULL_CONVERSION = YES;
				CLANG_WARN_OBJC_IMPLICIT_RETAIN_SELF = YES;
				CLANG_WARN_OBJC_LITERAL_CONVERSION = YES;
				CLANG_WARN_OBJC_ROOT_CLASS = YES_ERROR;
				CLANG_WARN_RANGE_LOOP_ANALYSIS = YES;
				CLANG_WARN_STRICT_PROTOTYPES = YES;
				CLANG_WARN_SUSPICIOUS_MOVE = YES;
				CLANG_WARN_UNGUARDED_AVAILABILITY = YES_AGGRESSIVE;
				CLANG_WARN_UNREACHABLE_CODE = YES;
				CLANG_WARN__DUPLICATE_METHOD_MATCH = YES;
				COPY_PHASE_STRIP = NO;
				DEBUG_INFORMATION_FORMAT = dwarf;
				ENABLE_STRICT_OBJC_MSGSEND = YES;
				ENABLE_TESTABILITY = YES;
				GCC_C_LANGUAGE_STANDARD = gnu11;
				GCC_DYNAMIC_NO_PIC = NO;
				GCC_NO_COMMON_BLOCKS = YES;
				GCC_OPTIMIZATION_LEVEL = 0;
				GCC_PREPROCESSOR_DEFINITIONS = (
					"DEBUG=1",
					"$(inherited)",
				);
				GCC_WARN_64_TO_32_BIT_CONVERSION = YES;
				GCC_WARN_ABOUT_RETURN_TYPE = YES_ERROR;
				GCC_WARN_UNDECLARED_SELECTOR = YES;
				GCC_WARN_UNINITIALIZED_AUTOS = YES_AGGRESSIVE;
				GCC_WARN_UNUSED_FUNCTION = YES;
				GCC_WARN_UNUSED_VARIABLE = YES;
				IPHONEOS_DEPLOYMENT_TARGET = 13.6;
				MTL_ENABLE_DEBUG_INFO = INCLUDE_SOURCE;
				MTL_FAST_MATH = YES;
				ONLY_ACTIVE_ARCH = YES;
				SDKROOT = iphoneos;
				SWIFT_ACTIVE_COMPILATION_CONDITIONS = DEBUG;
				SWIFT_OPTIMIZATION_LEVEL = "-Onone";
			};
			name = Debug;
		};
		7F6A8CF124FE1AB000FFA7F0 /* Release */ = {
			isa = XCBuildConfiguration;
			buildSettings = {
				ALWAYS_SEARCH_USER_PATHS = NO;
				CLANG_ANALYZER_NONNULL = YES;
				CLANG_ANALYZER_NUMBER_OBJECT_CONVERSION = YES_AGGRESSIVE;
				CLANG_CXX_LANGUAGE_STANDARD = "gnu++14";
				CLANG_CXX_LIBRARY = "libc++";
				CLANG_ENABLE_MODULES = YES;
				CLANG_ENABLE_OBJC_ARC = YES;
				CLANG_ENABLE_OBJC_WEAK = YES;
				CLANG_WARN_BLOCK_CAPTURE_AUTORELEASING = YES;
				CLANG_WARN_BOOL_CONVERSION = YES;
				CLANG_WARN_COMMA = YES;
				CLANG_WARN_CONSTANT_CONVERSION = YES;
				CLANG_WARN_DEPRECATED_OBJC_IMPLEMENTATIONS = YES;
				CLANG_WARN_DIRECT_OBJC_ISA_USAGE = YES_ERROR;
				CLANG_WARN_DOCUMENTATION_COMMENTS = YES;
				CLANG_WARN_EMPTY_BODY = YES;
				CLANG_WARN_ENUM_CONVERSION = YES;
				CLANG_WARN_INFINITE_RECURSION = YES;
				CLANG_WARN_INT_CONVERSION = YES;
				CLANG_WARN_NON_LITERAL_NULL_CONVERSION = YES;
				CLANG_WARN_OBJC_IMPLICIT_RETAIN_SELF = YES;
				CLANG_WARN_OBJC_LITERAL_CONVERSION = YES;
				CLANG_WARN_OBJC_ROOT_CLASS = YES_ERROR;
				CLANG_WARN_RANGE_LOOP_ANALYSIS = YES;
				CLANG_WARN_STRICT_PROTOTYPES = YES;
				CLANG_WARN_SUSPICIOUS_MOVE = YES;
				CLANG_WARN_UNGUARDED_AVAILABILITY = YES_AGGRESSIVE;
				CLANG_WARN_UNREACHABLE_CODE = YES;
				CLANG_WARN__DUPLICATE_METHOD_MATCH = YES;
				COPY_PHASE_STRIP = NO;
				DEBUG_INFORMATION_FORMAT = "dwarf-with-dsym";
				ENABLE_NS_ASSERTIONS = NO;
				ENABLE_STRICT_OBJC_MSGSEND = YES;
				GCC_C_LANGUAGE_STANDARD = gnu11;
				GCC_NO_COMMON_BLOCKS = YES;
				GCC_WARN_64_TO_32_BIT_CONVERSION = YES;
				GCC_WARN_ABOUT_RETURN_TYPE = YES_ERROR;
				GCC_WARN_UNDECLARED_SELECTOR = YES;
				GCC_WARN_UNINITIALIZED_AUTOS = YES_AGGRESSIVE;
				GCC_WARN_UNUSED_FUNCTION = YES;
				GCC_WARN_UNUSED_VARIABLE = YES;
				IPHONEOS_DEPLOYMENT_TARGET = 13.6;
				MTL_ENABLE_DEBUG_INFO = NO;
				MTL_FAST_MATH = YES;
				SDKROOT = iphoneos;
				SWIFT_COMPILATION_MODE = wholemodule;
				SWIFT_OPTIMIZATION_LEVEL = "-O";
				VALIDATE_PRODUCT = YES;
			};
			name = Release;
		};
		7F6A8CF324FE1AB000FFA7F0 /* Debug */ = {
			isa = XCBuildConfiguration;
			buildSettings = {
				ASSETCATALOG_COMPILER_APPICON_NAME = AppIcon;
				CODE_SIGN_STYLE = Automatic;
				DEVELOPMENT_TEAM = MLEGRA34R3;
				INFOPLIST_FILE = App/Info.plist;
				LD_RUNPATH_SEARCH_PATHS = (
					"$(inherited)",
					"@executable_path/Frameworks",
				);
				PRODUCT_BUNDLE_IDENTIFIER = app.antran.SPMSample;
				PRODUCT_NAME = "$(TARGET_NAME)";
				SWIFT_VERSION = 5.0;
				TARGETED_DEVICE_FAMILY = "1,2";
			};
			name = Debug;
		};
		7F6A8CF424FE1AB000FFA7F0 /* Release */ = {
			isa = XCBuildConfiguration;
			buildSettings = {
				ASSETCATALOG_COMPILER_APPICON_NAME = AppIcon;
				CODE_SIGN_STYLE = Automatic;
				DEVELOPMENT_TEAM = MLEGRA34R3;
				INFOPLIST_FILE = App/Info.plist;
				LD_RUNPATH_SEARCH_PATHS = (
					"$(inherited)",
					"@executable_path/Frameworks",
				);
				PRODUCT_BUNDLE_IDENTIFIER = app.antran.SPMSample;
				PRODUCT_NAME = "$(TARGET_NAME)";
				SWIFT_VERSION = 5.0;
				TARGETED_DEVICE_FAMILY = "1,2";
			};
			name = Release;
		};
		7F6A8CF624FE1AB000FFA7F0 /* Debug */ = {
			isa = XCBuildConfiguration;
			buildSettings = {
				ALWAYS_EMBED_SWIFT_STANDARD_LIBRARIES = YES;
				BUNDLE_LOADER = "$(TEST_HOST)";
				CODE_SIGN_STYLE = Automatic;
				DEVELOPMENT_TEAM = MLEGRA34R3;
				INFOPLIST_FILE = Tests/Info.plist;
				IPHONEOS_DEPLOYMENT_TARGET = 13.6;
				LD_RUNPATH_SEARCH_PATHS = (
					"$(inherited)",
					"@executable_path/Frameworks",
					"@loader_path/Frameworks",
				);
				PRODUCT_BUNDLE_IDENTIFIER = app.antran.SPMSampleTests;
				PRODUCT_NAME = "$(TARGET_NAME)";
				SWIFT_VERSION = 5.0;
				TARGETED_DEVICE_FAMILY = "1,2";
				TEST_HOST = "$(BUILT_PRODUCTS_DIR)/SPMSample.app/SPMSample";
			};
			name = Debug;
		};
		7F6A8CF724FE1AB000FFA7F0 /* Release */ = {
			isa = XCBuildConfiguration;
			buildSettings = {
				ALWAYS_EMBED_SWIFT_STANDARD_LIBRARIES = YES;
				BUNDLE_LOADER = "$(TEST_HOST)";
				CODE_SIGN_STYLE = Automatic;
				DEVELOPMENT_TEAM = MLEGRA34R3;
				INFOPLIST_FILE = Tests/Info.plist;
				IPHONEOS_DEPLOYMENT_TARGET = 13.6;
				LD_RUNPATH_SEARCH_PATHS = (
					"$(inherited)",
					"@executable_path/Frameworks",
					"@loader_path/Frameworks",
				);
				PRODUCT_BUNDLE_IDENTIFIER = app.antran.SPMSampleTests;
				PRODUCT_NAME = "$(TARGET_NAME)";
				SWIFT_VERSION = 5.0;
				TARGETED_DEVICE_FAMILY = "1,2";
				TEST_HOST = "$(BUILT_PRODUCTS_DIR)/SPMSample.app/SPMSample";
			};
			name = Release;
		};
		7F6A8CF924FE1AB000FFA7F0 /* Debug */ = {
			isa = XCBuildConfiguration;
			buildSettings = {
				ALWAYS_EMBED_SWIFT_STANDARD_LIBRARIES = YES;
				CODE_SIGN_STYLE = Automatic;
				DEVELOPMENT_TEAM = MLEGRA34R3;
				INFOPLIST_FILE = UITests/Info.plist;
				LD_RUNPATH_SEARCH_PATHS = (
					"$(inherited)",
					"@executable_path/Frameworks",
					"@loader_path/Frameworks",
				);
				PRODUCT_BUNDLE_IDENTIFIER = app.antran.SPMSampleUITests;
				PRODUCT_NAME = "$(TARGET_NAME)";
				SWIFT_VERSION = 5.0;
				TARGETED_DEVICE_FAMILY = "1,2";
				TEST_TARGET_NAME = SPMSample;
			};
			name = Debug;
		};
		7F6A8CFA24FE1AB000FFA7F0 /* Release */ = {
			isa = XCBuildConfiguration;
			buildSettings = {
				ALWAYS_EMBED_SWIFT_STANDARD_LIBRARIES = YES;
				CODE_SIGN_STYLE = Automatic;
				DEVELOPMENT_TEAM = MLEGRA34R3;
				INFOPLIST_FILE = UITests/Info.plist;
				LD_RUNPATH_SEARCH_PATHS = (
					"$(inherited)",
					"@executable_path/Frameworks",
					"@loader_path/Frameworks",
				);
				PRODUCT_BUNDLE_IDENTIFIER = app.antran.SPMSampleUITests;
				PRODUCT_NAME = "$(TARGET_NAME)";
				SWIFT_VERSION = 5.0;
				TARGETED_DEVICE_FAMILY = "1,2";
				TEST_TARGET_NAME = SPMSample;
			};
			name = Release;
		};
/* End XCBuildConfiguration section */

/* Begin XCConfigurationList section */
		7F6A8CC324FE1AAE00FFA7F0 /* Build configuration list for PBXProject "SPMSample" */ = {
			isa = XCConfigurationList;
			buildConfigurations = (
				7F6A8CF024FE1AB000FFA7F0 /* Debug */,
				7F6A8CF124FE1AB000FFA7F0 /* Release */,
			);
			defaultConfigurationIsVisible = 0;
			defaultConfigurationName = Release;
		};
		7F6A8CF224FE1AB000FFA7F0 /* Build configuration list for PBXNativeTarget "SPMSample" */ = {
			isa = XCConfigurationList;
			buildConfigurations = (
				7F6A8CF324FE1AB000FFA7F0 /* Debug */,
				7F6A8CF424FE1AB000FFA7F0 /* Release */,
			);
			defaultConfigurationIsVisible = 0;
			defaultConfigurationName = Release;
		};
		7F6A8CF524FE1AB000FFA7F0 /* Build configuration list for PBXNativeTarget "Tests" */ = {
			isa = XCConfigurationList;
			buildConfigurations = (
				7F6A8CF624FE1AB000FFA7F0 /* Debug */,
				7F6A8CF724FE1AB000FFA7F0 /* Release */,
			);
			defaultConfigurationIsVisible = 0;
			defaultConfigurationName = Release;
		};
		7F6A8CF824FE1AB000FFA7F0 /* Build configuration list for PBXNativeTarget "UITests" */ = {
			isa = XCConfigurationList;
			buildConfigurations = (
				7F6A8CF924FE1AB000FFA7F0 /* Debug */,
				7F6A8CFA24FE1AB000FFA7F0 /* Release */,
			);
			defaultConfigurationIsVisible = 0;
			defaultConfigurationName = Release;
		};
/* End XCConfigurationList section */

/* Begin XCSwiftPackageProductDependency section */
		7F6A8D0024FE277F00FFA7F0 /* Core */ = {
			isa = XCSwiftPackageProductDependency;
			productName = Core;
		};
/* End XCSwiftPackageProductDependency section */
	};
	rootObject = 7F6A8CC024FE1AAE00FFA7F0 /* Project object */;
}
